
Microsoft Visual Studio Solution File, Format Version 12.00
# Visual Studio 15
VisualStudioVersion = 15.0.27703.2035
MinimumVisualStudioVersion = 10.0.40219.1
Project("{FAE04EC0-301F-11D3-BF4B-00C04F79EFBC}") = "電腦名稱修改器", "電腦名稱修改器\電腦名稱修改器.csproj", "{78C477EC-FB64-4972-9A06-BDE1053F99E4}"
EndProject
Global
	GlobalSection(SolutionConfigurationPlatforms) = preSolution
		Debug|Any CPU = Debug|Any CPU
		Release|Any CPU = Release|Any CPU
	EndGlobalSection
	GlobalSection(ProjectConfigurationPlatforms) = postSolution
		{78C477EC-FB64-4972-9A06-BDE1053F99E4}.Debug|Any CPU.ActiveCfg = Debug|Any CPU
		{78C477EC-FB64-4972-9A06-BDE1053F99E4}.Debug|Any CPU.Build.0 = Debug|Any CPU
		{78C477EC-FB64-4972-9A06-BDE1053F99E4}.Release|Any CPU.ActiveCfg = Release|Any CPU
		{78C477EC-FB64-4972-9A06-BDE1053F99E4}.Release|Any CPU.Build.0 = Release|Any CPU
	EndGlobalSection
	GlobalSection(SolutionProperties) = preSolution
		HideSolutionNode = FALSE
	EndGlobalSection
	GlobalSection(ExtensibilityGlobals) = postSolution
		SolutionGuid = {F6550F25-5BF2-49AC-BB02-98B64BC3A8A4}
	EndGlobalSection
EndGlobal
